// !$*UTF8*$!
{
	archiveVersion = 1;
	classes = {
	};
	objectVersion = 51;
	objects = {

/* Begin PBXBuildFile section */
		1703E5F423B8F4300005FF8A /* libimebra.a in Frameworks */ = {isa = PBXBuildFile; fileRef = 1703E5F323B8F4300005FF8A /* libimebra.a */; };
		1703E5F623B8F7F70005FF8A /* Utils.swift in Sources */ = {isa = PBXBuildFile; fileRef = 1703E5F523B8F7F70005FF8A /* Utils.swift */; };
		1703E5F823B8F9C30005FF8A /* DICOMViewController.swift in Sources */ = {isa = PBXBuildFile; fileRef = 1703E5F723B8F9C30005FF8A /* DICOMViewController.swift */; };
		1717BFF523DE315500EAE56E /* EigenWrapper.mm in Sources */ = {isa = PBXBuildFile; fileRef = 1717BFF423DE315500EAE56E /* EigenWrapper.mm */; };
		172EB78623E0444D0007D821 /* MetalViewController.swift in Sources */ = {isa = PBXBuildFile; fileRef = 172EB78523E0444D0007D821 /* MetalViewController.swift */; };
		175E87B623C25885005117B0 /* APICommunication.swift in Sources */ = {isa = PBXBuildFile; fileRef = 175E87B523C25885005117B0 /* APICommunication.swift */; };
		175E87B823C25BAA005117B0 /* ConnectionManager.swift in Sources */ = {isa = PBXBuildFile; fileRef = 175E87B723C25BAA005117B0 /* ConnectionManager.swift */; };
		175E87BA23C2670A005117B0 /* DataManager.swift in Sources */ = {isa = PBXBuildFile; fileRef = 175E87B923C2670A005117B0 /* DataManager.swift */; };
		17A3B82E23B8EB2800C1339D /* libiconv.tbd in Frameworks */ = {isa = PBXBuildFile; fileRef = 17A3B82D23B8EB2800C1339D /* libiconv.tbd */; };
		17A3B83223B8EB5E00C1339D /* libc++.tbd in Frameworks */ = {isa = PBXBuildFile; fileRef = 17A3B83123B8EB5E00C1339D /* libc++.tbd */; };
		17B1A75A23D06424005CD52E /* DicomCoder.swift in Sources */ = {isa = PBXBuildFile; fileRef = 17B1A75923D06424005CD52E /* DicomCoder.swift */; };
		17D17AD623B01DE000537265 /* AppDelegate.swift in Sources */ = {isa = PBXBuildFile; fileRef = 17D17AD523B01DE000537265 /* AppDelegate.swift */; };
		17D17AD823B01DE000537265 /* SceneDelegate.swift in Sources */ = {isa = PBXBuildFile; fileRef = 17D17AD723B01DE000537265 /* SceneDelegate.swift */; };
		17D17ADA23B01DE000537265 /* ViewController.swift in Sources */ = {isa = PBXBuildFile; fileRef = 17D17AD923B01DE000537265 /* ViewController.swift */; };
		17D17ADD23B01DE000537265 /* Main.storyboard in Resources */ = {isa = PBXBuildFile; fileRef = 17D17ADB23B01DE000537265 /* Main.storyboard */; };
		17D17ADF23B01DE200537265 /* Assets.xcassets in Resources */ = {isa = PBXBuildFile; fileRef = 17D17ADE23B01DE200537265 /* Assets.xcassets */; };
		17D17AE223B01DE200537265 /* LaunchScreen.storyboard in Resources */ = {isa = PBXBuildFile; fileRef = 17D17AE023B01DE200537265 /* LaunchScreen.storyboard */; };
		17D17AED23B01DE200537265 /* healthcare_code_challengeTests.swift in Sources */ = {isa = PBXBuildFile; fileRef = 17D17AEC23B01DE200537265 /* healthcare_code_challengeTests.swift */; };
		17D17AF823B01DE200537265 /* healthcare_code_challengeUITests.swift in Sources */ = {isa = PBXBuildFile; fileRef = 17D17AF723B01DE200537265 /* healthcare_code_challengeUITests.swift */; };
		17DDAFAD23D45C2100807367 /* DICM.swift in Sources */ = {isa = PBXBuildFile; fileRef = 17DDAFAC23D45C2100807367 /* DICM.swift */; };
		17EF56AF23E5FEFA00630A30 /* ImageProcessing.swift in Sources */ = {isa = PBXBuildFile; fileRef = 17EF56AE23E5FEFA00630A30 /* ImageProcessing.swift */; };
		59D8032FAE476AEC43FB4595 /* Pods_healthcare_code_challenge_healthcare_code_challengeUITests.framework in Frameworks */ = {isa = PBXBuildFile; fileRef = 400ECF8FB16834CB2AE5528B /* Pods_healthcare_code_challenge_healthcare_code_challengeUITests.framework */; };
		A877DC0A264D267D5CC2F3A5 /* Pods_healthcare_code_challenge.framework in Frameworks */ = {isa = PBXBuildFile; fileRef = E58DC32D84F7A3E6A0CD30E0 /* Pods_healthcare_code_challenge.framework */; };
		FC8A41DEFB316A6B8EBF8F83 /* Pods_healthcare_code_challengeTests.framework in Frameworks */ = {isa = PBXBuildFile; fileRef = B76F0BE7B68EA71B8CF5F673 /* Pods_healthcare_code_challengeTests.framework */; };
/* End PBXBuildFile section */

/* Begin PBXContainerItemProxy section */
		17D17AE923B01DE200537265 /* PBXContainerItemProxy */ = {
			isa = PBXContainerItemProxy;
			containerPortal = 17D17ACA23B01DE000537265 /* Project object */;
			proxyType = 1;
			remoteGlobalIDString = 17D17AD123B01DE000537265;
			remoteInfo = "healthcare-code-challenge";
		};
		17D17AF423B01DE200537265 /* PBXContainerItemProxy */ = {
			isa = PBXContainerItemProxy;
			containerPortal = 17D17ACA23B01DE000537265 /* Project object */;
			proxyType = 1;
			remoteGlobalIDString = 17D17AD123B01DE000537265;
			remoteInfo = "healthcare-code-challenge";
		};
/* End PBXContainerItemProxy section */

/* Begin PBXFileReference section */
		1149453ED3DBECA5054A9BD2 /* Pods-healthcare-code-challenge-healthcare-code-challengeUITests.debug.xcconfig */ = {isa = PBXFileReference; includeInIndex = 1; lastKnownFileType = text.xcconfig; name = "Pods-healthcare-code-challenge-healthcare-code-challengeUITests.debug.xcconfig"; path = "Target Support Files/Pods-healthcare-code-challenge-healthcare-code-challengeUITests/Pods-healthcare-code-challenge-healthcare-code-challengeUITests.debug.xcconfig"; sourceTree = "<group>"; };
		1703E5F123B8F4210005FF8A /* imebra_ios */ = {isa = PBXFileReference; lastKnownFileType = folder; name = imebra_ios; path = "healthcare-code-challenge/imebra_ios"; sourceTree = "<group>"; };
		1703E5F323B8F4300005FF8A /* libimebra.a */ = {isa = PBXFileReference; lastKnownFileType = archive.ar; name = libimebra.a; path = "healthcare-code-challenge/imebra_ios/libimebra.a"; sourceTree = "<group>"; };
		1703E5F523B8F7F70005FF8A /* Utils.swift */ = {isa = PBXFileReference; lastKnownFileType = sourcecode.swift; path = Utils.swift; sourceTree = "<group>"; };
		1703E5F723B8F9C30005FF8A /* DICOMViewController.swift */ = {isa = PBXFileReference; lastKnownFileType = sourcecode.swift; path = DICOMViewController.swift; sourceTree = "<group>"; };
		1717BFF323DE315500EAE56E /* EigenWrapper.h */ = {isa = PBXFileReference; lastKnownFileType = sourcecode.c.h; path = EigenWrapper.h; sourceTree = "<group>"; };
		1717BFF423DE315500EAE56E /* EigenWrapper.mm */ = {isa = PBXFileReference; lastKnownFileType = sourcecode.cpp.objcpp; path = EigenWrapper.mm; sourceTree = "<group>"; };
		1717BFF623DE329500EAE56E /* healthcare-code-challenge-BridgingHeader.h */ = {isa = PBXFileReference; lastKnownFileType = sourcecode.c.h; path = "healthcare-code-challenge-BridgingHeader.h"; sourceTree = "<group>"; };
		172EB78523E0444D0007D821 /* MetalViewController.swift */ = {isa = PBXFileReference; lastKnownFileType = sourcecode.swift; path = MetalViewController.swift; sourceTree = "<group>"; };
		175E87B523C25885005117B0 /* APICommunication.swift */ = {isa = PBXFileReference; lastKnownFileType = sourcecode.swift; path = APICommunication.swift; sourceTree = "<group>"; };
		175E87B723C25BAA005117B0 /* ConnectionManager.swift */ = {isa = PBXFileReference; lastKnownFileType = sourcecode.swift; path = ConnectionManager.swift; sourceTree = "<group>"; };
		175E87B923C2670A005117B0 /* DataManager.swift */ = {isa = PBXFileReference; lastKnownFileType = sourcecode.swift; path = DataManager.swift; sourceTree = "<group>"; };
		17A3B82D23B8EB2800C1339D /* libiconv.tbd */ = {isa = PBXFileReference; lastKnownFileType = "sourcecode.text-based-dylib-definition"; name = libiconv.tbd; path = usr/lib/libiconv.tbd; sourceTree = SDKROOT; };
		17A3B82F23B8EB4800C1339D /* libimebra.a */ = {isa = PBXFileReference; lastKnownFileType = archive.ar; name = libimebra.a; path = ../imebra_ios/libimebra.a; sourceTree = "<group>"; };
		17A3B83123B8EB5E00C1339D /* libc++.tbd */ = {isa = PBXFileReference; lastKnownFileType = "sourcecode.text-based-dylib-definition"; name = "libc++.tbd"; path = "usr/lib/libc++.tbd"; sourceTree = SDKROOT; };
		17B1A75923D06424005CD52E /* DicomCoder.swift */ = {isa = PBXFileReference; lastKnownFileType = sourcecode.swift; path = DicomCoder.swift; sourceTree = "<group>"; };
		17D17AD223B01DE000537265 /* healthcare-code-challenge.app */ = {isa = PBXFileReference; explicitFileType = wrapper.application; includeInIndex = 0; path = "healthcare-code-challenge.app"; sourceTree = BUILT_PRODUCTS_DIR; };
		17D17AD523B01DE000537265 /* AppDelegate.swift */ = {isa = PBXFileReference; lastKnownFileType = sourcecode.swift; path = AppDelegate.swift; sourceTree = "<group>"; };
		17D17AD723B01DE000537265 /* SceneDelegate.swift */ = {isa = PBXFileReference; lastKnownFileType = sourcecode.swift; path = SceneDelegate.swift; sourceTree = "<group>"; };
		17D17AD923B01DE000537265 /* ViewController.swift */ = {isa = PBXFileReference; lastKnownFileType = sourcecode.swift; path = ViewController.swift; sourceTree = "<group>"; };
		17D17ADC23B01DE000537265 /* Base */ = {isa = PBXFileReference; lastKnownFileType = file.storyboard; name = Base; path = Base.lproj/Main.storyboard; sourceTree = "<group>"; };
		17D17ADE23B01DE200537265 /* Assets.xcassets */ = {isa = PBXFileReference; lastKnownFileType = folder.assetcatalog; path = Assets.xcassets; sourceTree = "<group>"; };
		17D17AE123B01DE200537265 /* Base */ = {isa = PBXFileReference; lastKnownFileType = file.storyboard; name = Base; path = Base.lproj/LaunchScreen.storyboard; sourceTree = "<group>"; };
		17D17AE323B01DE200537265 /* Info.plist */ = {isa = PBXFileReference; lastKnownFileType = text.plist.xml; path = Info.plist; sourceTree = "<group>"; };
		17D17AE823B01DE200537265 /* healthcare-code-challengeTests.xctest */ = {isa = PBXFileReference; explicitFileType = wrapper.cfbundle; includeInIndex = 0; path = "healthcare-code-challengeTests.xctest"; sourceTree = BUILT_PRODUCTS_DIR; };
		17D17AEC23B01DE200537265 /* healthcare_code_challengeTests.swift */ = {isa = PBXFileReference; lastKnownFileType = sourcecode.swift; path = healthcare_code_challengeTests.swift; sourceTree = "<group>"; };
		17D17AEE23B01DE200537265 /* Info.plist */ = {isa = PBXFileReference; lastKnownFileType = text.plist.xml; path = Info.plist; sourceTree = "<group>"; };
		17D17AF323B01DE200537265 /* healthcare-code-challengeUITests.xctest */ = {isa = PBXFileReference; explicitFileType = wrapper.cfbundle; includeInIndex = 0; path = "healthcare-code-challengeUITests.xctest"; sourceTree = BUILT_PRODUCTS_DIR; };
		17D17AF723B01DE200537265 /* healthcare_code_challengeUITests.swift */ = {isa = PBXFileReference; lastKnownFileType = sourcecode.swift; path = healthcare_code_challengeUITests.swift; sourceTree = "<group>"; };
		17D17AF923B01DE200537265 /* Info.plist */ = {isa = PBXFileReference; lastKnownFileType = text.plist.xml; path = Info.plist; sourceTree = "<group>"; };
		17DDAFAC23D45C2100807367 /* DICM.swift */ = {isa = PBXFileReference; lastKnownFileType = sourcecode.swift; path = DICM.swift; sourceTree = "<group>"; };
		17EF56AE23E5FEFA00630A30 /* ImageProcessing.swift */ = {isa = PBXFileReference; lastKnownFileType = sourcecode.swift; path = ImageProcessing.swift; sourceTree = "<group>"; };
		28985CDD20D4FD1293194FFF /* Pods-healthcare-code-challenge-healthcare-code-challengeUITests.release.xcconfig */ = {isa = PBXFileReference; includeInIndex = 1; lastKnownFileType = text.xcconfig; name = "Pods-healthcare-code-challenge-healthcare-code-challengeUITests.release.xcconfig"; path = "Target Support Files/Pods-healthcare-code-challenge-healthcare-code-challengeUITests/Pods-healthcare-code-challenge-healthcare-code-challengeUITests.release.xcconfig"; sourceTree = "<group>"; };
		400ECF8FB16834CB2AE5528B /* Pods_healthcare_code_challenge_healthcare_code_challengeUITests.framework */ = {isa = PBXFileReference; explicitFileType = wrapper.framework; includeInIndex = 0; path = Pods_healthcare_code_challenge_healthcare_code_challengeUITests.framework; sourceTree = BUILT_PRODUCTS_DIR; };
		B76F0BE7B68EA71B8CF5F673 /* Pods_healthcare_code_challengeTests.framework */ = {isa = PBXFileReference; explicitFileType = wrapper.framework; includeInIndex = 0; path = Pods_healthcare_code_challengeTests.framework; sourceTree = BUILT_PRODUCTS_DIR; };
		C9C92E328A306ED40FF83688 /* Pods-healthcare-code-challengeTests.release.xcconfig */ = {isa = PBXFileReference; includeInIndex = 1; lastKnownFileType = text.xcconfig; name = "Pods-healthcare-code-challengeTests.release.xcconfig"; path = "Target Support Files/Pods-healthcare-code-challengeTests/Pods-healthcare-code-challengeTests.release.xcconfig"; sourceTree = "<group>"; };
		D04351E03CE90DCF9393500D /* Pods-healthcare-code-challengeTests.debug.xcconfig */ = {isa = PBXFileReference; includeInIndex = 1; lastKnownFileType = text.xcconfig; name = "Pods-healthcare-code-challengeTests.debug.xcconfig"; path = "Target Support Files/Pods-healthcare-code-challengeTests/Pods-healthcare-code-challengeTests.debug.xcconfig"; sourceTree = "<group>"; };
		E58DC32D84F7A3E6A0CD30E0 /* Pods_healthcare_code_challenge.framework */ = {isa = PBXFileReference; explicitFileType = wrapper.framework; includeInIndex = 0; path = Pods_healthcare_code_challenge.framework; sourceTree = BUILT_PRODUCTS_DIR; };
		F202F2615B39CE7667DD0922 /* Pods-healthcare-code-challenge.release.xcconfig */ = {isa = PBXFileReference; includeInIndex = 1; lastKnownFileType = text.xcconfig; name = "Pods-healthcare-code-challenge.release.xcconfig"; path = "Target Support Files/Pods-healthcare-code-challenge/Pods-healthcare-code-challenge.release.xcconfig"; sourceTree = "<group>"; };
		F53513544907C492B6609151 /* Pods-healthcare-code-challenge.debug.xcconfig */ = {isa = PBXFileReference; includeInIndex = 1; lastKnownFileType = text.xcconfig; name = "Pods-healthcare-code-challenge.debug.xcconfig"; path = "Target Support Files/Pods-healthcare-code-challenge/Pods-healthcare-code-challenge.debug.xcconfig"; sourceTree = "<group>"; };
/* End PBXFileReference section */

/* Begin PBXFrameworksBuildPhase section */
		17D17ACF23B01DE000537265 /* Frameworks */ = {
			isa = PBXFrameworksBuildPhase;
			buildActionMask = 2147483647;
			files = (
				1703E5F423B8F4300005FF8A /* libimebra.a in Frameworks */,
				17A3B83223B8EB5E00C1339D /* libc++.tbd in Frameworks */,
				17A3B82E23B8EB2800C1339D /* libiconv.tbd in Frameworks */,
				A877DC0A264D267D5CC2F3A5 /* Pods_healthcare_code_challenge.framework in Frameworks */,
			);
			runOnlyForDeploymentPostprocessing = 0;
		};
		17D17AE523B01DE200537265 /* Frameworks */ = {
			isa = PBXFrameworksBuildPhase;
			buildActionMask = 2147483647;
			files = (
				FC8A41DEFB316A6B8EBF8F83 /* Pods_healthcare_code_challengeTests.framework in Frameworks */,
			);
			runOnlyForDeploymentPostprocessing = 0;
		};
		17D17AF023B01DE200537265 /* Frameworks */ = {
			isa = PBXFrameworksBuildPhase;
			buildActionMask = 2147483647;
			files = (
				59D8032FAE476AEC43FB4595 /* Pods_healthcare_code_challenge_healthcare_code_challengeUITests.framework in Frameworks */,
			);
			runOnlyForDeploymentPostprocessing = 0;
		};
/* End PBXFrameworksBuildPhase section */

/* Begin PBXGroup section */
		03E78AA97F2E3664AD4E4D5E /* Pods */ = {
			isa = PBXGroup;
			children = (
				F53513544907C492B6609151 /* Pods-healthcare-code-challenge.debug.xcconfig */,
				F202F2615B39CE7667DD0922 /* Pods-healthcare-code-challenge.release.xcconfig */,
				1149453ED3DBECA5054A9BD2 /* Pods-healthcare-code-challenge-healthcare-code-challengeUITests.debug.xcconfig */,
				28985CDD20D4FD1293194FFF /* Pods-healthcare-code-challenge-healthcare-code-challengeUITests.release.xcconfig */,
				D04351E03CE90DCF9393500D /* Pods-healthcare-code-challengeTests.debug.xcconfig */,
				C9C92E328A306ED40FF83688 /* Pods-healthcare-code-challengeTests.release.xcconfig */,
			);
			path = Pods;
			sourceTree = "<group>";
		};
		17D17AC923B01DE000537265 = {
			isa = PBXGroup;
			children = (
				17D17AD423B01DE000537265 /* healthcare-code-challenge */,
				17D17AEB23B01DE200537265 /* healthcare-code-challengeTests */,
				17D17AF623B01DE200537265 /* healthcare-code-challengeUITests */,
				17D17AD323B01DE000537265 /* Products */,
				03E78AA97F2E3664AD4E4D5E /* Pods */,
				BD24FCF21CC665B65B65876E /* Frameworks */,
			);
			sourceTree = "<group>";
		};
		17D17AD323B01DE000537265 /* Products */ = {
			isa = PBXGroup;
			children = (
				17D17AD223B01DE000537265 /* healthcare-code-challenge.app */,
				17D17AE823B01DE200537265 /* healthcare-code-challengeTests.xctest */,
				17D17AF323B01DE200537265 /* healthcare-code-challengeUITests.xctest */,
			);
			name = Products;
			sourceTree = "<group>";
		};
		17D17AD423B01DE000537265 /* healthcare-code-challenge */ = {
			isa = PBXGroup;
			children = (
				1717BFF323DE315500EAE56E /* EigenWrapper.h */,
				1717BFF423DE315500EAE56E /* EigenWrapper.mm */,
				17D17AD523B01DE000537265 /* AppDelegate.swift */,
				17D17AD723B01DE000537265 /* SceneDelegate.swift */,
				17D17AD923B01DE000537265 /* ViewController.swift */,
				17D17ADB23B01DE000537265 /* Main.storyboard */,
				17D17ADE23B01DE200537265 /* Assets.xcassets */,
				17D17AE023B01DE200537265 /* LaunchScreen.storyboard */,
				17D17AE323B01DE200537265 /* Info.plist */,
				1703E5F523B8F7F70005FF8A /* Utils.swift */,
				1703E5F723B8F9C30005FF8A /* DICOMViewController.swift */,
				175E87B523C25885005117B0 /* APICommunication.swift */,
				175E87B723C25BAA005117B0 /* ConnectionManager.swift */,
				175E87B923C2670A005117B0 /* DataManager.swift */,
				17B1A75923D06424005CD52E /* DicomCoder.swift */,
				17DDAFAC23D45C2100807367 /* DICM.swift */,
				1717BFF623DE329500EAE56E /* healthcare-code-challenge-BridgingHeader.h */,
				172EB78523E0444D0007D821 /* MetalViewController.swift */,
				17EF56AE23E5FEFA00630A30 /* ImageProcessing.swift */,
			);
			path = "healthcare-code-challenge";
			sourceTree = "<group>";
		};
		17D17AEB23B01DE200537265 /* healthcare-code-challengeTests */ = {
			isa = PBXGroup;
			children = (
				17D17AEC23B01DE200537265 /* healthcare_code_challengeTests.swift */,
				17D17AEE23B01DE200537265 /* Info.plist */,
			);
			path = "healthcare-code-challengeTests";
			sourceTree = "<group>";
		};
		17D17AF623B01DE200537265 /* healthcare-code-challengeUITests */ = {
			isa = PBXGroup;
			children = (
				17D17AF723B01DE200537265 /* healthcare_code_challengeUITests.swift */,
				17D17AF923B01DE200537265 /* Info.plist */,
			);
			path = "healthcare-code-challengeUITests";
			sourceTree = "<group>";
		};
		BD24FCF21CC665B65B65876E /* Frameworks */ = {
			isa = PBXGroup;
			children = (
				1703E5F323B8F4300005FF8A /* libimebra.a */,
				1703E5F123B8F4210005FF8A /* imebra_ios */,
				17A3B83123B8EB5E00C1339D /* libc++.tbd */,
				17A3B82F23B8EB4800C1339D /* libimebra.a */,
				17A3B82D23B8EB2800C1339D /* libiconv.tbd */,
				E58DC32D84F7A3E6A0CD30E0 /* Pods_healthcare_code_challenge.framework */,
				400ECF8FB16834CB2AE5528B /* Pods_healthcare_code_challenge_healthcare_code_challengeUITests.framework */,
				B76F0BE7B68EA71B8CF5F673 /* Pods_healthcare_code_challengeTests.framework */,
			);
			name = Frameworks;
			sourceTree = "<group>";
		};
/* End PBXGroup section */

/* Begin PBXNativeTarget section */
		17D17AD123B01DE000537265 /* healthcare-code-challenge */ = {
			isa = PBXNativeTarget;
			buildConfigurationList = 17D17AFC23B01DE200537265 /* Build configuration list for PBXNativeTarget "healthcare-code-challenge" */;
			buildPhases = (
				87C54889649ECD71B0BC59A0 /* [CP] Check Pods Manifest.lock */,
				17D17ACE23B01DE000537265 /* Sources */,
				17D17ACF23B01DE000537265 /* Frameworks */,
				17D17AD023B01DE000537265 /* Resources */,
				41FBBA7D7651E003509FD292 /* [CP] Embed Pods Frameworks */,
			);
			buildRules = (
			);
			dependencies = (
			);
			name = "healthcare-code-challenge";
			productName = "healthcare-code-challenge";
			productReference = 17D17AD223B01DE000537265 /* healthcare-code-challenge.app */;
			productType = "com.apple.product-type.application";
		};
		17D17AE723B01DE200537265 /* healthcare-code-challengeTests */ = {
			isa = PBXNativeTarget;
			buildConfigurationList = 17D17AFF23B01DE200537265 /* Build configuration list for PBXNativeTarget "healthcare-code-challengeTests" */;
			buildPhases = (
				4008224CED5245D496351638 /* [CP] Check Pods Manifest.lock */,
				17D17AE423B01DE200537265 /* Sources */,
				17D17AE523B01DE200537265 /* Frameworks */,
				17D17AE623B01DE200537265 /* Resources */,
			);
			buildRules = (
			);
			dependencies = (
				17D17AEA23B01DE200537265 /* PBXTargetDependency */,
			);
			name = "healthcare-code-challengeTests";
			productName = "healthcare-code-challengeTests";
			productReference = 17D17AE823B01DE200537265 /* healthcare-code-challengeTests.xctest */;
			productType = "com.apple.product-type.bundle.unit-test";
		};
		17D17AF223B01DE200537265 /* healthcare-code-challengeUITests */ = {
			isa = PBXNativeTarget;
			buildConfigurationList = 17D17B0223B01DE200537265 /* Build configuration list for PBXNativeTarget "healthcare-code-challengeUITests" */;
			buildPhases = (
				1E631CE5676E23B27DB8172C /* [CP] Check Pods Manifest.lock */,
				17D17AEF23B01DE200537265 /* Sources */,
				17D17AF023B01DE200537265 /* Frameworks */,
				17D17AF123B01DE200537265 /* Resources */,
				7F7C83A3D27586762EE38A44 /* [CP] Embed Pods Frameworks */,
			);
			buildRules = (
			);
			dependencies = (
				17D17AF523B01DE200537265 /* PBXTargetDependency */,
			);
			name = "healthcare-code-challengeUITests";
			productName = "healthcare-code-challengeUITests";
			productReference = 17D17AF323B01DE200537265 /* healthcare-code-challengeUITests.xctest */;
			productType = "com.apple.product-type.bundle.ui-testing";
		};
/* End PBXNativeTarget section */

/* Begin PBXProject section */
		17D17ACA23B01DE000537265 /* Project object */ = {
			isa = PBXProject;
			attributes = {
				LastSwiftUpdateCheck = 1110;
				LastUpgradeCheck = 1110;
				ORGANIZATIONNAME = "Florian Abel";
				TargetAttributes = {
					17D17AD123B01DE000537265 = {
						CreatedOnToolsVersion = 11.1;
					};
					17D17AE723B01DE200537265 = {
						CreatedOnToolsVersion = 11.1;
						TestTargetID = 17D17AD123B01DE000537265;
					};
					17D17AF223B01DE200537265 = {
						CreatedOnToolsVersion = 11.1;
						TestTargetID = 17D17AD123B01DE000537265;
					};
				};
			};
			buildConfigurationList = 17D17ACD23B01DE000537265 /* Build configuration list for PBXProject "healthcare-code-challenge" */;
			compatibilityVersion = "Xcode 9.3";
			developmentRegion = en;
			hasScannedForEncodings = 0;
			knownRegions = (
				en,
				Base,
			);
			mainGroup = 17D17AC923B01DE000537265;
			productRefGroup = 17D17AD323B01DE000537265 /* Products */;
			projectDirPath = "";
			projectRoot = "";
			targets = (
				17D17AD123B01DE000537265 /* healthcare-code-challenge */,
				17D17AE723B01DE200537265 /* healthcare-code-challengeTests */,
				17D17AF223B01DE200537265 /* healthcare-code-challengeUITests */,
			);
		};
/* End PBXProject section */

/* Begin PBXResourcesBuildPhase section */
		17D17AD023B01DE000537265 /* Resources */ = {
			isa = PBXResourcesBuildPhase;
			buildActionMask = 2147483647;
			files = (
				17D17AE223B01DE200537265 /* LaunchScreen.storyboard in Resources */,
				17D17ADF23B01DE200537265 /* Assets.xcassets in Resources */,
				17D17ADD23B01DE000537265 /* Main.storyboard in Resources */,
			);
			runOnlyForDeploymentPostprocessing = 0;
		};
		17D17AE623B01DE200537265 /* Resources */ = {
			isa = PBXResourcesBuildPhase;
			buildActionMask = 2147483647;
			files = (
			);
			runOnlyForDeploymentPostprocessing = 0;
		};
		17D17AF123B01DE200537265 /* Resources */ = {
			isa = PBXResourcesBuildPhase;
			buildActionMask = 2147483647;
			files = (
			);
			runOnlyForDeploymentPostprocessing = 0;
		};
/* End PBXResourcesBuildPhase section */

/* Begin PBXShellScriptBuildPhase section */
		1E631CE5676E23B27DB8172C /* [CP] Check Pods Manifest.lock */ = {
			isa = PBXShellScriptBuildPhase;
			buildActionMask = 2147483647;
			files = (
			);
			inputFileListPaths = (
			);
			inputPaths = (
				"${PODS_PODFILE_DIR_PATH}/Podfile.lock",
				"${PODS_ROOT}/Manifest.lock",
			);
			name = "[CP] Check Pods Manifest.lock";
			outputFileListPaths = (
			);
			outputPaths = (
				"$(DERIVED_FILE_DIR)/Pods-healthcare-code-challenge-healthcare-code-challengeUITests-checkManifestLockResult.txt",
			);
			runOnlyForDeploymentPostprocessing = 0;
			shellPath = /bin/sh;
			shellScript = "diff \"${PODS_PODFILE_DIR_PATH}/Podfile.lock\" \"${PODS_ROOT}/Manifest.lock\" > /dev/null\nif [ $? != 0 ] ; then\n    # print error to STDERR\n    echo \"error: The sandbox is not in sync with the Podfile.lock. Run 'pod install' or update your CocoaPods installation.\" >&2\n    exit 1\nfi\n# This output is used by Xcode 'outputs' to avoid re-running this script phase.\necho \"SUCCESS\" > \"${SCRIPT_OUTPUT_FILE_0}\"\n";
			showEnvVarsInLog = 0;
		};
		4008224CED5245D496351638 /* [CP] Check Pods Manifest.lock */ = {
			isa = PBXShellScriptBuildPhase;
			buildActionMask = 2147483647;
			files = (
			);
			inputFileListPaths = (
			);
			inputPaths = (
				"${PODS_PODFILE_DIR_PATH}/Podfile.lock",
				"${PODS_ROOT}/Manifest.lock",
			);
			name = "[CP] Check Pods Manifest.lock";
			outputFileListPaths = (
			);
			outputPaths = (
				"$(DERIVED_FILE_DIR)/Pods-healthcare-code-challengeTests-checkManifestLockResult.txt",
			);
			runOnlyForDeploymentPostprocessing = 0;
			shellPath = /bin/sh;
			shellScript = "diff \"${PODS_PODFILE_DIR_PATH}/Podfile.lock\" \"${PODS_ROOT}/Manifest.lock\" > /dev/null\nif [ $? != 0 ] ; then\n    # print error to STDERR\n    echo \"error: The sandbox is not in sync with the Podfile.lock. Run 'pod install' or update your CocoaPods installation.\" >&2\n    exit 1\nfi\n# This output is used by Xcode 'outputs' to avoid re-running this script phase.\necho \"SUCCESS\" > \"${SCRIPT_OUTPUT_FILE_0}\"\n";
			showEnvVarsInLog = 0;
		};
		41FBBA7D7651E003509FD292 /* [CP] Embed Pods Frameworks */ = {
			isa = PBXShellScriptBuildPhase;
			buildActionMask = 2147483647;
			files = (
			);
			inputFileListPaths = (
				"${PODS_ROOT}/Target Support Files/Pods-healthcare-code-challenge/Pods-healthcare-code-challenge-frameworks-${CONFIGURATION}-input-files.xcfilelist",
			);
			name = "[CP] Embed Pods Frameworks";
			outputFileListPaths = (
				"${PODS_ROOT}/Target Support Files/Pods-healthcare-code-challenge/Pods-healthcare-code-challenge-frameworks-${CONFIGURATION}-output-files.xcfilelist",
			);
			runOnlyForDeploymentPostprocessing = 0;
			shellPath = /bin/sh;
			shellScript = "\"${PODS_ROOT}/Target Support Files/Pods-healthcare-code-challenge/Pods-healthcare-code-challenge-frameworks.sh\"\n";
			showEnvVarsInLog = 0;
		};
		7F7C83A3D27586762EE38A44 /* [CP] Embed Pods Frameworks */ = {
			isa = PBXShellScriptBuildPhase;
			buildActionMask = 2147483647;
			files = (
			);
			inputFileListPaths = (
				"${PODS_ROOT}/Target Support Files/Pods-healthcare-code-challenge-healthcare-code-challengeUITests/Pods-healthcare-code-challenge-healthcare-code-challengeUITests-frameworks-${CONFIGURATION}-input-files.xcfilelist",
			);
			name = "[CP] Embed Pods Frameworks";
			outputFileListPaths = (
				"${PODS_ROOT}/Target Support Files/Pods-healthcare-code-challenge-healthcare-code-challengeUITests/Pods-healthcare-code-challenge-healthcare-code-challengeUITests-frameworks-${CONFIGURATION}-output-files.xcfilelist",
			);
			runOnlyForDeploymentPostprocessing = 0;
			shellPath = /bin/sh;
			shellScript = "\"${PODS_ROOT}/Target Support Files/Pods-healthcare-code-challenge-healthcare-code-challengeUITests/Pods-healthcare-code-challenge-healthcare-code-challengeUITests-frameworks.sh\"\n";
			showEnvVarsInLog = 0;
		};
		87C54889649ECD71B0BC59A0 /* [CP] Check Pods Manifest.lock */ = {
			isa = PBXShellScriptBuildPhase;
			buildActionMask = 2147483647;
			files = (
			);
			inputFileListPaths = (
			);
			inputPaths = (
				"${PODS_PODFILE_DIR_PATH}/Podfile.lock",
				"${PODS_ROOT}/Manifest.lock",
			);
			name = "[CP] Check Pods Manifest.lock";
			outputFileListPaths = (
			);
			outputPaths = (
				"$(DERIVED_FILE_DIR)/Pods-healthcare-code-challenge-checkManifestLockResult.txt",
			);
			runOnlyForDeploymentPostprocessing = 0;
			shellPath = /bin/sh;
			shellScript = "diff \"${PODS_PODFILE_DIR_PATH}/Podfile.lock\" \"${PODS_ROOT}/Manifest.lock\" > /dev/null\nif [ $? != 0 ] ; then\n    # print error to STDERR\n    echo \"error: The sandbox is not in sync with the Podfile.lock. Run 'pod install' or update your CocoaPods installation.\" >&2\n    exit 1\nfi\n# This output is used by Xcode 'outputs' to avoid re-running this script phase.\necho \"SUCCESS\" > \"${SCRIPT_OUTPUT_FILE_0}\"\n";
			showEnvVarsInLog = 0;
		};
/* End PBXShellScriptBuildPhase section */

/* Begin PBXSourcesBuildPhase section */
		17D17ACE23B01DE000537265 /* Sources */ = {
			isa = PBXSourcesBuildPhase;
			buildActionMask = 2147483647;
			files = (
				1703E5F823B8F9C30005FF8A /* DICOMViewController.swift in Sources */,
				175E87BA23C2670A005117B0 /* DataManager.swift in Sources */,
				172EB78623E0444D0007D821 /* MetalViewController.swift in Sources */,
				17DDAFAD23D45C2100807367 /* DICM.swift in Sources */,
				17B1A75A23D06424005CD52E /* DicomCoder.swift in Sources */,
				17D17ADA23B01DE000537265 /* ViewController.swift in Sources */,
				17EF56AF23E5FEFA00630A30 /* ImageProcessing.swift in Sources */,
				17D17AD623B01DE000537265 /* AppDelegate.swift in Sources */,
				1717BFF523DE315500EAE56E /* EigenWrapper.mm in Sources */,
				175E87B823C25BAA005117B0 /* ConnectionManager.swift in Sources */,
				17D17AD823B01DE000537265 /* SceneDelegate.swift in Sources */,
				1703E5F623B8F7F70005FF8A /* Utils.swift in Sources */,
				175E87B623C25885005117B0 /* APICommunication.swift in Sources */,
			);
			runOnlyForDeploymentPostprocessing = 0;
		};
		17D17AE423B01DE200537265 /* Sources */ = {
			isa = PBXSourcesBuildPhase;
			buildActionMask = 2147483647;
			files = (
				17D17AED23B01DE200537265 /* healthcare_code_challengeTests.swift in Sources */,
			);
			runOnlyForDeploymentPostprocessing = 0;
		};
		17D17AEF23B01DE200537265 /* Sources */ = {
			isa = PBXSourcesBuildPhase;
			buildActionMask = 2147483647;
			files = (
				17D17AF823B01DE200537265 /* healthcare_code_challengeUITests.swift in Sources */,
			);
			runOnlyForDeploymentPostprocessing = 0;
		};
/* End PBXSourcesBuildPhase section */

/* Begin PBXTargetDependency section */
		17D17AEA23B01DE200537265 /* PBXTargetDependency */ = {
			isa = PBXTargetDependency;
			target = 17D17AD123B01DE000537265 /* healthcare-code-challenge */;
			targetProxy = 17D17AE923B01DE200537265 /* PBXContainerItemProxy */;
		};
		17D17AF523B01DE200537265 /* PBXTargetDependency */ = {
			isa = PBXTargetDependency;
			target = 17D17AD123B01DE000537265 /* healthcare-code-challenge */;
			targetProxy = 17D17AF423B01DE200537265 /* PBXContainerItemProxy */;
		};
/* End PBXTargetDependency section */

/* Begin PBXVariantGroup section */
		17D17ADB23B01DE000537265 /* Main.storyboard */ = {
			isa = PBXVariantGroup;
			children = (
				17D17ADC23B01DE000537265 /* Base */,
			);
			name = Main.storyboard;
			sourceTree = "<group>";
		};
		17D17AE023B01DE200537265 /* LaunchScreen.storyboard */ = {
			isa = PBXVariantGroup;
			children = (
				17D17AE123B01DE200537265 /* Base */,
			);
			name = LaunchScreen.storyboard;
			sourceTree = "<group>";
		};
/* End PBXVariantGroup section */

/* Begin XCBuildConfiguration section */
		17D17AFA23B01DE200537265 /* Debug */ = {
			isa = XCBuildConfiguration;
			buildSettings = {
				ALWAYS_SEARCH_USER_PATHS = NO;
				CLANG_ANALYZER_NONNULL = YES;
				CLANG_ANALYZER_NUMBER_OBJECT_CONVERSION = YES_AGGRESSIVE;
				CLANG_CXX_LANGUAGE_STANDARD = "gnu++14";
				CLANG_CXX_LIBRARY = "libc++";
				CLANG_ENABLE_MODULES = YES;
				CLANG_ENABLE_OBJC_ARC = YES;
				CLANG_ENABLE_OBJC_WEAK = YES;
				CLANG_WARN_BLOCK_CAPTURE_AUTORELEASING = YES;
				CLANG_WARN_BOOL_CONVERSION = YES;
				CLANG_WARN_COMMA = YES;
				CLANG_WARN_CONSTANT_CONVERSION = YES;
				CLANG_WARN_DEPRECATED_OBJC_IMPLEMENTATIONS = YES;
				CLANG_WARN_DIRECT_OBJC_ISA_USAGE = YES_ERROR;
				CLANG_WARN_DOCUMENTATION_COMMENTS = YES;
				CLANG_WARN_EMPTY_BODY = YES;
				CLANG_WARN_ENUM_CONVERSION = YES;
				CLANG_WARN_INFINITE_RECURSION = YES;
				CLANG_WARN_INT_CONVERSION = YES;
				CLANG_WARN_NON_LITERAL_NULL_CONVERSION = YES;
				CLANG_WARN_OBJC_IMPLICIT_RETAIN_SELF = YES;
				CLANG_WARN_OBJC_LITERAL_CONVERSION = YES;
				CLANG_WARN_OBJC_ROOT_CLASS = YES_ERROR;
				CLANG_WARN_RANGE_LOOP_ANALYSIS = YES;
				CLANG_WARN_STRICT_PROTOTYPES = YES;
				CLANG_WARN_SUSPICIOUS_MOVE = YES;
				CLANG_WARN_UNGUARDED_AVAILABILITY = YES_AGGRESSIVE;
				CLANG_WARN_UNREACHABLE_CODE = YES;
				CLANG_WARN__DUPLICATE_METHOD_MATCH = YES;
				COPY_PHASE_STRIP = NO;
				DEBUG_INFORMATION_FORMAT = dwarf;
				ENABLE_STRICT_OBJC_MSGSEND = YES;
				ENABLE_TESTABILITY = YES;
				GCC_C_LANGUAGE_STANDARD = gnu11;
				GCC_DYNAMIC_NO_PIC = NO;
				GCC_NO_COMMON_BLOCKS = YES;
				GCC_OPTIMIZATION_LEVEL = 0;
				GCC_PREPROCESSOR_DEFINITIONS = (
					"DEBUG=1",
					"$(inherited)",
				);
				GCC_WARN_64_TO_32_BIT_CONVERSION = YES;
				GCC_WARN_ABOUT_RETURN_TYPE = YES_ERROR;
				GCC_WARN_UNDECLARED_SELECTOR = YES;
				GCC_WARN_UNINITIALIZED_AUTOS = YES_AGGRESSIVE;
				GCC_WARN_UNUSED_FUNCTION = YES;
				GCC_WARN_UNUSED_VARIABLE = YES;
				IPHONEOS_DEPLOYMENT_TARGET = 13.1;
				MTL_ENABLE_DEBUG_INFO = INCLUDE_SOURCE;
				MTL_FAST_MATH = YES;
				ONLY_ACTIVE_ARCH = YES;
				SDKROOT = iphoneos;
				SWIFT_ACTIVE_COMPILATION_CONDITIONS = DEBUG;
				SWIFT_OPTIMIZATION_LEVEL = "-Onone";
			};
			name = Debug;
		};
		17D17AFB23B01DE200537265 /* Release */ = {
			isa = XCBuildConfiguration;
			buildSettings = {
				ALWAYS_SEARCH_USER_PATHS = NO;
				CLANG_ANALYZER_NONNULL = YES;
				CLANG_ANALYZER_NUMBER_OBJECT_CONVERSION = YES_AGGRESSIVE;
				CLANG_CXX_LANGUAGE_STANDARD = "gnu++14";
				CLANG_CXX_LIBRARY = "libc++";
				CLANG_ENABLE_MODULES = YES;
				CLANG_ENABLE_OBJC_ARC = YES;
				CLANG_ENABLE_OBJC_WEAK = YES;
				CLANG_WARN_BLOCK_CAPTURE_AUTORELEASING = YES;
				CLANG_WARN_BOOL_CONVERSION = YES;
				CLANG_WARN_COMMA = YES;
				CLANG_WARN_CONSTANT_CONVERSION = YES;
				CLANG_WARN_DEPRECATED_OBJC_IMPLEMENTATIONS = YES;
				CLANG_WARN_DIRECT_OBJC_ISA_USAGE = YES_ERROR;
				CLANG_WARN_DOCUMENTATION_COMMENTS = YES;
				CLANG_WARN_EMPTY_BODY = YES;
				CLANG_WARN_ENUM_CONVERSION = YES;
				CLANG_WARN_INFINITE_RECURSION = YES;
				CLANG_WARN_INT_CONVERSION = YES;
				CLANG_WARN_NON_LITERAL_NULL_CONVERSION = YES;
				CLANG_WARN_OBJC_IMPLICIT_RETAIN_SELF = YES;
				CLANG_WARN_OBJC_LITERAL_CONVERSION = YES;
				CLANG_WARN_OBJC_ROOT_CLASS = YES_ERROR;
				CLANG_WARN_RANGE_LOOP_ANALYSIS = YES;
				CLANG_WARN_STRICT_PROTOTYPES = YES;
				CLANG_WARN_SUSPICIOUS_MOVE = YES;
				CLANG_WARN_UNGUARDED_AVAILABILITY = YES_AGGRESSIVE;
				CLANG_WARN_UNREACHABLE_CODE = YES;
				CLANG_WARN__DUPLICATE_METHOD_MATCH = YES;
				COPY_PHASE_STRIP = NO;
				DEBUG_INFORMATION_FORMAT = "dwarf-with-dsym";
				ENABLE_NS_ASSERTIONS = NO;
				ENABLE_STRICT_OBJC_MSGSEND = YES;
				GCC_C_LANGUAGE_STANDARD = gnu11;
				GCC_NO_COMMON_BLOCKS = YES;
				GCC_WARN_64_TO_32_BIT_CONVERSION = YES;
				GCC_WARN_ABOUT_RETURN_TYPE = YES_ERROR;
				GCC_WARN_UNDECLARED_SELECTOR = YES;
				GCC_WARN_UNINITIALIZED_AUTOS = YES_AGGRESSIVE;
				GCC_WARN_UNUSED_FUNCTION = YES;
				GCC_WARN_UNUSED_VARIABLE = YES;
				IPHONEOS_DEPLOYMENT_TARGET = 13.1;
				MTL_ENABLE_DEBUG_INFO = NO;
				MTL_FAST_MATH = YES;
				SDKROOT = iphoneos;
				SWIFT_COMPILATION_MODE = wholemodule;
				SWIFT_OPTIMIZATION_LEVEL = "-O";
				VALIDATE_PRODUCT = YES;
			};
			name = Release;
		};
		17D17AFD23B01DE200537265 /* Debug */ = {
			isa = XCBuildConfiguration;
			baseConfigurationReference = F53513544907C492B6609151 /* Pods-healthcare-code-challenge.debug.xcconfig */;
			buildSettings = {
				ASSETCATALOG_COMPILER_APPICON_NAME = AppIcon;
				CODE_SIGN_STYLE = Automatic;
				DEVELOPMENT_TEAM = 7U97535AXJ;
				HEADER_SEARCH_PATHS = (
					"$(inherited)",
					"\"${PODS_CONFIGURATION_BUILD_DIR}/DCDicom/DCDicom.framework/Headers\"",
					"$(PROJECT_DIR)/eigen_3.3.7/**",
				);
				INFOPLIST_FILE = "healthcare-code-challenge/Info.plist";
				IPHONEOS_DEPLOYMENT_TARGET = 13.0;
				LD_RUNPATH_SEARCH_PATHS = (
					"$(inherited)",
					"@executable_path/Frameworks",
				);
				LIBRARY_SEARCH_PATHS = (
					"$(inherited)",
					"$(PROJECT_DIR)/healthcare-code-challenge/imebra_ios",
				);
				"LIBRARY_SEARCH_PATHS[sdk=iphonesimulator*]" = "healthcare-code-challenge/imebra_ios/**";
				PRODUCT_BUNDLE_IDENTIFIER = "com.florianabel.healthcare-code-challenge";
				PRODUCT_NAME = "$(TARGET_NAME)";
				SWIFT_OBJC_BRIDGING_HEADER = "$(PROJECT_DIR)/healthcare-code-challenge/healthcare-code-challenge-BridgingHeader.h";
				SWIFT_VERSION = 5.0;
				TARGETED_DEVICE_FAMILY = 2;
			};
			name = Debug;
		};
		17D17AFE23B01DE200537265 /* Release */ = {
			isa = XCBuildConfiguration;
			baseConfigurationReference = F202F2615B39CE7667DD0922 /* Pods-healthcare-code-challenge.release.xcconfig */;
			buildSettings = {
				ASSETCATALOG_COMPILER_APPICON_NAME = AppIcon;
				CODE_SIGN_STYLE = Automatic;
				DEVELOPMENT_TEAM = 7U97535AXJ;
				HEADER_SEARCH_PATHS = (
					"$(inherited)",
					"\"${PODS_CONFIGURATION_BUILD_DIR}/DCDicom/DCDicom.framework/Headers\"",
					"$(PROJECT_DIR)/eigen_3.3.7",
				);
				INFOPLIST_FILE = "healthcare-code-challenge/Info.plist";
				IPHONEOS_DEPLOYMENT_TARGET = 13.0;
				LD_RUNPATH_SEARCH_PATHS = (
					"$(inherited)",
					"@executable_path/Frameworks",
				);
				LIBRARY_SEARCH_PATHS = (
					"$(inherited)",
					"$(PROJECT_DIR)/healthcare-code-challenge/imebra_ios",
				);
				PRODUCT_BUNDLE_IDENTIFIER = "com.florianabel.healthcare-code-challenge";
				PRODUCT_NAME = "$(TARGET_NAME)";
				SWIFT_OBJC_BRIDGING_HEADER = "$(PROJECT_DIR)/healthcare-code-challenge/healthcare-code-challenge-BridgingHeader.h";
				SWIFT_VERSION = 5.0;
				TARGETED_DEVICE_FAMILY = 2;
			};
			name = Release;
		};
		17D17B0023B01DE200537265 /* Debug */ = {
			isa = XCBuildConfiguration;
			baseConfigurationReference = D04351E03CE90DCF9393500D /* Pods-healthcare-code-challengeTests.debug.xcconfig */;
			buildSettings = {
				ALWAYS_EMBED_SWIFT_STANDARD_LIBRARIES = YES;
				BUNDLE_LOADER = "$(TEST_HOST)";
				CODE_SIGN_STYLE = Automatic;
				DEVELOPMENT_TEAM = 7U97535AXJ;
				INFOPLIST_FILE = "healthcare-code-challengeTests/Info.plist";
				IPHONEOS_DEPLOYMENT_TARGET = 13.1;
				LD_RUNPATH_SEARCH_PATHS = (
					"$(inherited)",
					"@executable_path/Frameworks",
					"@loader_path/Frameworks",
				);
				PRODUCT_BUNDLE_IDENTIFIER = "com.florianabel.healthcare-code-challengeTests";
				PRODUCT_NAME = "$(TARGET_NAME)";
				SWIFT_VERSION = 5.0;
				TARGETED_DEVICE_FAMILY = "1,2";
				TEST_HOST = "$(BUILT_PRODUCTS_DIR)/healthcare-code-challenge.app/healthcare-code-challenge";
			};
			name = Debug;
		};
		17D17B0123B01DE200537265 /* Release */ = {
			isa = XCBuildConfiguration;
			baseConfigurationReference = C9C92E328A306ED40FF83688 /* Pods-healthcare-code-challengeTests.release.xcconfig */;
			buildSettings = {
				ALWAYS_EMBED_SWIFT_STANDARD_LIBRARIES = YES;
				BUNDLE_LOADER = "$(TEST_HOST)";
				CODE_SIGN_STYLE = Automatic;
				DEVELOPMENT_TEAM = 7U97535AXJ;
				INFOPLIST_FILE = "healthcare-code-challengeTests/Info.plist";
				IPHONEOS_DEPLOYMENT_TARGET = 13.1;
				LD_RUNPATH_SEARCH_PATHS = (
					"$(inherited)",
					"@executable_path/Frameworks",
					"@loader_path/Frameworks",
				);
				PRODUCT_BUNDLE_IDENTIFIER = "com.florianabel.healthcare-code-challengeTests";
				PRODUCT_NAME = "$(TARGET_NAME)";
				SWIFT_VERSION = 5.0;
				TARGETED_DEVICE_FAMILY = "1,2";
				TEST_HOST = "$(BUILT_PRODUCTS_DIR)/healthcare-code-challenge.app/healthcare-code-challenge";
			};
			name = Release;
		};
		17D17B0323B01DE200537265 /* Debug */ = {
			isa = XCBuildConfiguration;
			baseConfigurationReference = 1149453ED3DBECA5054A9BD2 /* Pods-healthcare-code-challenge-healthcare-code-challengeUITests.debug.xcconfig */;
			buildSettings = {
				ALWAYS_EMBED_SWIFT_STANDARD_LIBRARIES = YES;
				CODE_SIGN_STYLE = Automatic;
				DEVELOPMENT_TEAM = 7U97535AXJ;
				INFOPLIST_FILE = "healthcare-code-challengeUITests/Info.plist";
				LD_RUNPATH_SEARCH_PATHS = (
					"$(inherited)",
					"@executable_path/Frameworks",
					"@loader_path/Frameworks",
				);
				PRODUCT_BUNDLE_IDENTIFIER = "com.florianabel.healthcare-code-challengeUITests";
				PRODUCT_NAME = "$(TARGET_NAME)";
				SWIFT_VERSION = 5.0;
				TARGETED_DEVICE_FAMILY = "1,2";
				TEST_TARGET_NAME = "healthcare-code-challenge";
			};
			name = Debug;
		};
		17D17B0423B01DE200537265 /* Release */ = {
			isa = XCBuildConfiguration;
			baseConfigurationReference = 28985CDD20D4FD1293194FFF /* Pods-healthcare-code-challenge-healthcare-code-challengeUITests.release.xcconfig */;
			buildSettings = {
				ALWAYS_EMBED_SWIFT_STANDARD_LIBRARIES = YES;
				CODE_SIGN_STYLE = Automatic;
				DEVELOPMENT_TEAM = 7U97535AXJ;
				INFOPLIST_FILE = "healthcare-code-challengeUITests/Info.plist";
				LD_RUNPATH_SEARCH_PATHS = (
					"$(inherited)",
					"@executable_path/Frameworks",
					"@loader_path/Frameworks",
				);
				PRODUCT_BUNDLE_IDENTIFIER = "com.florianabel.healthcare-code-challengeUITests";
				PRODUCT_NAME = "$(TARGET_NAME)";
				SWIFT_VERSION = 5.0;
				TARGETED_DEVICE_FAMILY = "1,2";
				TEST_TARGET_NAME = "healthcare-code-challenge";
			};
			name = Release;
		};
/* End XCBuildConfiguration section */

/* Begin XCConfigurationList section */
		17D17ACD23B01DE000537265 /* Build configuration list for PBXProject "healthcare-code-challenge" */ = {
			isa = XCConfigurationList;
			buildConfigurations = (
				17D17AFA23B01DE200537265 /* Debug */,
				17D17AFB23B01DE200537265 /* Release */,
			);
			defaultConfigurationIsVisible = 0;
			defaultConfigurationName = Release;
		};
		17D17AFC23B01DE200537265 /* Build configuration list for PBXNativeTarget "healthcare-code-challenge" */ = {
			isa = XCConfigurationList;
			buildConfigurations = (
				17D17AFD23B01DE200537265 /* Debug */,
				17D17AFE23B01DE200537265 /* Release */,
			);
			defaultConfigurationIsVisible = 0;
			defaultConfigurationName = Release;
		};
		17D17AFF23B01DE200537265 /* Build configuration list for PBXNativeTarget "healthcare-code-challengeTests" */ = {
			isa = XCConfigurationList;
			buildConfigurations = (
				17D17B0023B01DE200537265 /* Debug */,
				17D17B0123B01DE200537265 /* Release */,
			);
			defaultConfigurationIsVisible = 0;
			defaultConfigurationName = Release;
		};
		17D17B0223B01DE200537265 /* Build configuration list for PBXNativeTarget "healthcare-code-challengeUITests" */ = {
			isa = XCConfigurationList;
			buildConfigurations = (
				17D17B0323B01DE200537265 /* Debug */,
				17D17B0423B01DE200537265 /* Release */,
			);
			defaultConfigurationIsVisible = 0;
			defaultConfigurationName = Release;
		};
/* End XCConfigurationList section */
	};
	rootObject = 17D17ACA23B01DE000537265 /* Project object */;
}
